{
  "lockfileVersion": 1,
  "configVersion": 0,
  "workspaces": {
    "": {
      "devDependencies": {
        "ccs-frontend": "3.1.0",
        "govuk-frontend": "6.1.0",
      },
    },
  },
  "packages": {
    "ccs-frontend": ["ccs-frontend@3.1.0", "", { "peerDependencies": { "govuk-frontend": "^6.1.0", "jquery": "^4.x" } }, "sha512-5O/QVDt06qB6goQ1lXvI532WNRChxvFDUDT98oKcVQ6nHMsokAk2TYENmUlmTePUPo4tAqGx8OvyEIuR0Go02g=="],

    "govuk-frontend": ["govuk-frontend@6.1.0", "", {}, "sha512-sqivexZFa82LiDIDVMItsUlqEXE/wEUWWBqzEoxHvUFLBH7bY0C8lVrj1qsDThSnj5JEUMS7isBAbKnfQ5Qp6g=="],

    "jquery": ["jquery@3.7.1", "", {}, "sha512-m4avr8yL8kmFN8psrbFFFmB/If14iN5o9nw/NgnnM+kybDJpRsAynV2BsfpTYrTRysYUdADVD7CkUUizgkpLfg=="],
  }
}
