{
  "lockfileVersion": 1,
  "workspaces": {
    "": {
      "devDependencies": {
        "ccs-frontend": "2.2.1",
        "govuk-frontend": "5.13.0",
      },
    },
  },
  "packages": {
    "ccs-frontend": ["ccs-frontend@2.2.1", "", { "peerDependencies": { "govuk-frontend": "^5.13.0", "jquery": "^3.x" } }, "sha512-WivmcftEw/TZjZFShx1SLouJaRPicThLs2IJBdOkwbyCFNSDkCVOBXiCeeLG0tD7UZ7ROpS4P4CU+Q4sngQSHg=="],

    "govuk-frontend": ["govuk-frontend@5.13.0", "", {}, "sha512-6N3pHelWN7wftdM6e4YEzZAfattapa1gnd+Al6d5PUbfTr9D+T2dnphpNpjX75CTEhihlQqlL0RDQ3WIfZ3PSg=="],

    "jquery": ["jquery@3.7.1", "", {}, "sha512-m4avr8yL8kmFN8psrbFFFmB/If14iN5o9nw/NgnnM+kybDJpRsAynV2BsfpTYrTRysYUdADVD7CkUUizgkpLfg=="],
  }
}
