# THIS IS AN AUTOGENERATED FILE. DO NOT EDIT THIS FILE DIRECTLY.
# yarn lockfile v1


ccs-frontend@^1.1.0-beta.2:
  version "1.1.0-beta.2"
  resolved "https://registry.yarnpkg.com/ccs-frontend/-/ccs-frontend-1.1.0-beta.2.tgz#6d99e856a8c93fed0269e387f2da5b9101b4967a"
  integrity sha512-JtdsweeoAIZhxGiO/KCmp9Pd6Rije0TOGAx7yP5/Sdgqbl+SffctX/SJlG4woUY0XK3mgglcHudjTBCGfBF+cg==

govuk-frontend@^5.4.0:
  version "5.4.0"
  resolved "https://registry.yarnpkg.com/govuk-frontend/-/govuk-frontend-5.4.0.tgz#8f2e0b55ef7c7552a1efe68c7b40ff1b4a393e72"
  integrity sha512-F3YwQYrYQqIPfNxsoph6O78Ey1unCB6cy6omx8KeWY9G504lWZFBSIaiUCma1jNLw9bOUU7Ui+tXG09jjqy0Mw==
