# THIS IS AN AUTOGENERATED FILE. DO NOT EDIT THIS FILE DIRECTLY.
# yarn lockfile v1


ccs-frontend@^1.1.2:
  version "1.1.2"
  resolved "https://registry.yarnpkg.com/ccs-frontend/-/ccs-frontend-1.1.2.tgz#f8333896e7859366c417d43ada819bf0909a38f1"
  integrity sha512-KoBoY3VByQOT6TrJi9MIDd9j7d2FdGVNTMtm0+aBhKwL0Ee5InUG0IVArKs+9YGfaUaCrhQWdbscGHt4v1O2DA==

govuk-frontend@^5.6.0:
  version "5.6.0"
  resolved "https://registry.yarnpkg.com/govuk-frontend/-/govuk-frontend-5.6.0.tgz#8c0975f0d825ec7192bcfe64e3e97ef3dfa7dea1"
  integrity sha512-yNA4bL7i7mNrg36wPNZ3RctHo9mjl82Phs8MWs1lwovxJuQ4ogEo/XWn2uB1HxkXNqgMlW4wnd0iiKgRMfxYfw==
