# THIS IS AN AUTOGENERATED FILE. DO NOT EDIT THIS FILE DIRECTLY.
# yarn lockfile v1


ccs-frontend@^1.1.1:
  version "1.1.1"
  resolved "https://registry.yarnpkg.com/ccs-frontend/-/ccs-frontend-1.1.1.tgz#ec279e2c252ae70d546c1b78770ee8d02b576fd2"
  integrity sha512-k6I7qGMNTgGRkofX45g73UXPz7Ai3R+hOcoIfjFdWqWPNa2zsScsfJtSbRaqYBD2T2LHso9ql3PuXIUywcBNfw==

govuk-frontend@^5.5.0:
  version "5.5.0"
  resolved "https://registry.yarnpkg.com/govuk-frontend/-/govuk-frontend-5.5.0.tgz#dfb2426788dbf570ef7d2742983bc54e68f17f34"
  integrity sha512-lNSHCOzgk6LfgelcdtJxTLK1BX/cpjCUyEB3LnzliD9o9YQckNMsbj5+jSOs2RFy6XBJ/DJqxj2TKfjBCuzpyA==
